{
  "name": "litelement-starter-kit",
  "version": "0.1.0",
  "lockfileVersion": 1,
  "requires": true,
  "dependencies": {
    "@collaborne/lit-flexbox-literals": {
      "version": "0.2.2",
      "resolved": "https://registry.npmjs.org/@collaborne/lit-flexbox-literals/-/lit-flexbox-literals-0.2.2.tgz",
      "integrity": "sha512-MPWAx1QzJ9Gq07rl0H2GcSzkQGPty8Ucbycjy7ksCdE7v5/N1xjBBlvj4bpBoFg5J0rIz2nOgQh4Lp+fyVCC1Q==",
      "requires": {
        "lit-element": "^2.0.1"
      }
    },
    "@material/animation": {
      "version": "8.0.0-canary.a78ceb112.0",
      "resolved": "https://registry.npmjs.org/@material/animation/-/animation-8.0.0-canary.a78ceb112.0.tgz",
      "integrity": "sha512-avnYo5iXt64I5nJfNbiYebtZ8sYcgxbje1JpU0mr58VpgDpSRbQCDoJi+/LPDQiNDr/lU3vUM9MEQaECY8KVzw==",
      "requires": {
        "tslib": "^1.9.3"
      }
    },
    "@material/base": {
      "version": "8.0.0-canary.a78ceb112.0",
      "resolved": "https://registry.npmjs.org/@material/base/-/base-8.0.0-canary.a78ceb112.0.tgz",
      "integrity": "sha512-gSCgOkjtyrpxGm8BC7mx0dM6yyWda/jSvBcCejlydHQ76fwJ/uV8snBvCdyqgW+E2fDt8Y2o5HyeJSFHAb9q/w==",
      "requires": {
        "tslib": "^1.9.3"
      }
    },
    "@material/button": {
      "version": "8.0.0-canary.a78ceb112.0",
      "resolved": "https://registry.npmjs.org/@material/button/-/button-8.0.0-canary.a78ceb112.0.tgz",
      "integrity": "sha512-HQExVH0zD7VIYt+48YOaHRcCXYRiMeGsVwhYDeLJilipqxAjniDLhudlBjnmAFBOFs0kWAYuIyXRiszJfgOVUQ==",
      "requires": {
        "@material/density": "8.0.0-canary.a78ceb112.0",
        "@material/elevation": "8.0.0-canary.a78ceb112.0",
        "@material/feature-targeting": "8.0.0-canary.a78ceb112.0",
        "@material/ripple": "8.0.0-canary.a78ceb112.0",
        "@material/rtl": "8.0.0-canary.a78ceb112.0",
        "@material/shape": "8.0.0-canary.a78ceb112.0",
        "@material/theme": "8.0.0-canary.a78ceb112.0",
        "@material/touch-target": "8.0.0-canary.a78ceb112.0",
        "@material/typography": "8.0.0-canary.a78ceb112.0"
      }
    },
    "@material/density": {
      "version": "8.0.0-canary.a78ceb112.0",
      "resolved": "https://registry.npmjs.org/@material/density/-/density-8.0.0-canary.a78ceb112.0.tgz",
      "integrity": "sha512-1fZUwRxnCvVbDA2cEtkbGjGSkvsjsUSFAfN4eWCqylUqbkQC0AWO5EDmrYH+sT3VpHAZ+Hr3cLcydydsT3o2wQ=="
    },
    "@material/dialog": {
      "version": "8.0.0-canary.a78ceb112.0",
      "resolved": "https://registry.npmjs.org/@material/dialog/-/dialog-8.0.0-canary.a78ceb112.0.tgz",
      "integrity": "sha512-DnMCAlCHDP6LdPpxksrKJs/go/37sZpFHkYG3YaFd7yNoO8K1isRbsf7U6H9KQvE0tGAXZLDY7vy4ERiLxKoYg==",
      "requires": {
        "@material/animation": "8.0.0-canary.a78ceb112.0",
        "@material/base": "8.0.0-canary.a78ceb112.0",
        "@material/button": "8.0.0-canary.a78ceb112.0",
        "@material/dom": "8.0.0-canary.a78ceb112.0",
        "@material/elevation": "8.0.0-canary.a78ceb112.0",
        "@material/feature-targeting": "8.0.0-canary.a78ceb112.0",
        "@material/ripple": "8.0.0-canary.a78ceb112.0",
        "@material/rtl": "8.0.0-canary.a78ceb112.0",
        "@material/shape": "8.0.0-canary.a78ceb112.0",
        "@material/theme": "8.0.0-canary.a78ceb112.0",
        "@material/touch-target": "8.0.0-canary.a78ceb112.0",
        "@material/typography": "8.0.0-canary.a78ceb112.0",
        "tslib": "^1.9.3"
      }
    },
    "@material/dom": {
      "version": "8.0.0-canary.a78ceb112.0",
      "resolved": "https://registry.npmjs.org/@material/dom/-/dom-8.0.0-canary.a78ceb112.0.tgz",
      "integrity": "sha512-FmmLO+F/kyo/0rbkkp955JiN8ZCG9CI5g3VH4Ru02jtZdXnGSzo8Cdqjq2fzgP7MQ//eTTwMdeCZfp81UCwjQw==",
      "requires": {
        "@material/feature-targeting": "8.0.0-canary.a78ceb112.0",
        "tslib": "^1.9.3"
      }
    },
    "@material/drawer": {
      "version": "8.0.0-canary.a78ceb112.0",
      "resolved": "https://registry.npmjs.org/@material/drawer/-/drawer-8.0.0-canary.a78ceb112.0.tgz",
      "integrity": "sha512-+zfYyOyrS5dUA2dzuBiTFFluaV5P4coNIfXNUNWNSl8IcXBeoEIQAwviaoOKFaChh9/7s993gVU2oHfsVJ+FBA==",
      "requires": {
        "@material/animation": "8.0.0-canary.a78ceb112.0",
        "@material/base": "8.0.0-canary.a78ceb112.0",
        "@material/dom": "8.0.0-canary.a78ceb112.0",
        "@material/elevation": "8.0.0-canary.a78ceb112.0",
        "@material/feature-targeting": "8.0.0-canary.a78ceb112.0",
        "@material/list": "8.0.0-canary.a78ceb112.0",
        "@material/ripple": "8.0.0-canary.a78ceb112.0",
        "@material/rtl": "8.0.0-canary.a78ceb112.0",
        "@material/shape": "8.0.0-canary.a78ceb112.0",
        "@material/theme": "8.0.0-canary.a78ceb112.0",
        "@material/typography": "8.0.0-canary.a78ceb112.0",
        "tslib": "^1.9.3"
      }
    },
    "@material/elevation": {
      "version": "8.0.0-canary.a78ceb112.0",
      "resolved": "https://registry.npmjs.org/@material/elevation/-/elevation-8.0.0-canary.a78ceb112.0.tgz",
      "integrity": "sha512-eTBJ0NCDpfD9pc6AJjzkWGtXSHybKO9+RlxSyIGhax7xiMaIFlXqsk9SlLXwNlbwyU0EqIjPPJdKE9492EavDA==",
      "requires": {
        "@material/animation": "8.0.0-canary.a78ceb112.0",
        "@material/base": "8.0.0-canary.a78ceb112.0",
        "@material/feature-targeting": "8.0.0-canary.a78ceb112.0",
        "@material/theme": "8.0.0-canary.a78ceb112.0"
      }
    },
    "@material/feature-targeting": {
      "version": "8.0.0-canary.a78ceb112.0",
      "resolved": "https://registry.npmjs.org/@material/feature-targeting/-/feature-targeting-8.0.0-canary.a78ceb112.0.tgz",
      "integrity": "sha512-pYiHlUwKiAwBAULUDVxADD2eHb80cuzwQsQI9IpNr1mgdLcoKomWYxmHYzyD9AUIOlYsPrft+ozyC4gXt5kOtg=="
    },
    "@material/floating-label": {
      "version": "8.0.0-canary.a78ceb112.0",
      "resolved": "https://registry.npmjs.org/@material/floating-label/-/floating-label-8.0.0-canary.a78ceb112.0.tgz",
      "integrity": "sha512-wPRiU8ZK/LTgd/D7MkA/6Xz7/NItdaIAEskdFUuHwo+8UXc3TIXw44DtpJ35Y/0NaECANcrUul+s8De5CHVRxA==",
      "requires": {
        "@material/animation": "8.0.0-canary.a78ceb112.0",
        "@material/base": "8.0.0-canary.a78ceb112.0",
        "@material/dom": "8.0.0-canary.a78ceb112.0",
        "@material/feature-targeting": "8.0.0-canary.a78ceb112.0",
        "@material/rtl": "8.0.0-canary.a78ceb112.0",
        "@material/theme": "8.0.0-canary.a78ceb112.0",
        "@material/typography": "8.0.0-canary.a78ceb112.0",
        "tslib": "^1.9.3"
      }
    },
    "@material/form-field": {
      "version": "8.0.0-canary.a78ceb112.0",
      "resolved": "https://registry.npmjs.org/@material/form-field/-/form-field-8.0.0-canary.a78ceb112.0.tgz",
      "integrity": "sha512-VIDXQjthFqk3S5w7IgziErin/3p+L/c6lnw6e0E/DiUFgf6gTUenbbzx1+9plBOGqCl67wTN9NwQBekHUOKxhQ==",
      "requires": {
        "@material/base": "8.0.0-canary.a78ceb112.0",
        "@material/feature-targeting": "8.0.0-canary.a78ceb112.0",
        "@material/ripple": "8.0.0-canary.a78ceb112.0",
        "@material/rtl": "8.0.0-canary.a78ceb112.0",
        "@material/theme": "8.0.0-canary.a78ceb112.0",
        "@material/typography": "8.0.0-canary.a78ceb112.0",
        "tslib": "^1.9.3"
      }
    },
    "@material/icon-button": {
      "version": "8.0.0-canary.a78ceb112.0",
      "resolved": "https://registry.npmjs.org/@material/icon-button/-/icon-button-8.0.0-canary.a78ceb112.0.tgz",
      "integrity": "sha512-EV3pKn6RC6ogweT5ijyDSvusv0Hodwufy7jzk70LwPD7Gn5nuZFrFTvFSR6MvALFXCRdPLLYL6uzE+ncRkxaTQ==",
      "requires": {
        "@material/base": "8.0.0-canary.a78ceb112.0",
        "@material/density": "8.0.0-canary.a78ceb112.0",
        "@material/feature-targeting": "8.0.0-canary.a78ceb112.0",
        "@material/ripple": "8.0.0-canary.a78ceb112.0",
        "@material/rtl": "8.0.0-canary.a78ceb112.0",
        "@material/theme": "8.0.0-canary.a78ceb112.0",
        "tslib": "^1.9.3"
      }
    },
    "@material/line-ripple": {
      "version": "8.0.0-canary.a78ceb112.0",
      "resolved": "https://registry.npmjs.org/@material/line-ripple/-/line-ripple-8.0.0-canary.a78ceb112.0.tgz",
      "integrity": "sha512-sWFB4njnz+1bi1UVKKBRYtXUAzYTcgNeFVu19Duo9OPxzhB8KAwi4HW70vVLN1y7SSE2a2p/UrKMiW6AzYmoZg==",
      "requires": {
        "@material/animation": "8.0.0-canary.a78ceb112.0",
        "@material/base": "8.0.0-canary.a78ceb112.0",
        "@material/feature-targeting": "8.0.0-canary.a78ceb112.0",
        "@material/theme": "8.0.0-canary.a78ceb112.0",
        "tslib": "^1.9.3"
      }
    },
    "@material/linear-progress": {
      "version": "8.0.0-canary.a78ceb112.0",
      "resolved": "https://registry.npmjs.org/@material/linear-progress/-/linear-progress-8.0.0-canary.a78ceb112.0.tgz",
      "integrity": "sha512-1fFTiggkFXl7rGu3i2aETA3sd84d1dIJXGV//IjLP01//pFztpv2cDsY2jgm7SlkZJxgn9uyzOGiFBrZO6g/HA==",
      "requires": {
        "@material/animation": "8.0.0-canary.a78ceb112.0",
        "@material/base": "8.0.0-canary.a78ceb112.0",
        "@material/feature-targeting": "8.0.0-canary.a78ceb112.0",
        "@material/progress-indicator": "8.0.0-canary.a78ceb112.0",
        "@material/theme": "8.0.0-canary.a78ceb112.0",
        "tslib": "^1.9.3"
      }
    },
    "@material/list": {
      "version": "8.0.0-canary.a78ceb112.0",
      "resolved": "https://registry.npmjs.org/@material/list/-/list-8.0.0-canary.a78ceb112.0.tgz",
      "integrity": "sha512-B6ysRJm6HOTQdrAyYcRqZv807vbSrsOnxk3AE9Qscx6erdoJLm9lLX066YfFVk5iGbMzebhFi8lkEIVJBLKwSg==",
      "requires": {
        "@material/base": "8.0.0-canary.a78ceb112.0",
        "@material/density": "8.0.0-canary.a78ceb112.0",
        "@material/dom": "8.0.0-canary.a78ceb112.0",
        "@material/feature-targeting": "8.0.0-canary.a78ceb112.0",
        "@material/ripple": "8.0.0-canary.a78ceb112.0",
        "@material/rtl": "8.0.0-canary.a78ceb112.0",
        "@material/shape": "8.0.0-canary.a78ceb112.0",
        "@material/theme": "8.0.0-canary.a78ceb112.0",
        "@material/typography": "8.0.0-canary.a78ceb112.0",
        "tslib": "^1.9.3"
      }
    },
    "@material/menu": {
      "version": "8.0.0-canary.a78ceb112.0",
      "resolved": "https://registry.npmjs.org/@material/menu/-/menu-8.0.0-canary.a78ceb112.0.tgz",
      "integrity": "sha512-Z9D8MyNjtMeZ47jwlcnvbGCLLsLSGc4h+a2g/LWnlpbMSyAa91d0x2XlQANmfIzFah3nTcjoon08q/9g8up93Q==",
      "requires": {
        "@material/base": "8.0.0-canary.a78ceb112.0",
        "@material/dom": "8.0.0-canary.a78ceb112.0",
        "@material/elevation": "8.0.0-canary.a78ceb112.0",
        "@material/feature-targeting": "8.0.0-canary.a78ceb112.0",
        "@material/list": "8.0.0-canary.a78ceb112.0",
        "@material/menu-surface": "8.0.0-canary.a78ceb112.0",
        "@material/ripple": "8.0.0-canary.a78ceb112.0",
        "@material/rtl": "8.0.0-canary.a78ceb112.0",
        "@material/theme": "8.0.0-canary.a78ceb112.0",
        "tslib": "^1.9.3"
      }
    },
    "@material/menu-surface": {
      "version": "8.0.0-canary.a78ceb112.0",
      "resolved": "https://registry.npmjs.org/@material/menu-surface/-/menu-surface-8.0.0-canary.a78ceb112.0.tgz",
      "integrity": "sha512-PRzYXJz/VmLTmAMJMs6U+BRAAH1+Gn36vVAGtFptYFHk1XO/BTrHKqMmriXPsRE4Kqw8BBf6fTsIImvZcqxhYA==",
      "requires": {
        "@material/animation": "8.0.0-canary.a78ceb112.0",
        "@material/base": "8.0.0-canary.a78ceb112.0",
        "@material/elevation": "8.0.0-canary.a78ceb112.0",
        "@material/feature-targeting": "8.0.0-canary.a78ceb112.0",
        "@material/rtl": "8.0.0-canary.a78ceb112.0",
        "@material/shape": "8.0.0-canary.a78ceb112.0",
        "@material/theme": "8.0.0-canary.a78ceb112.0",
        "tslib": "^1.9.3"
      }
    },
    "@material/mwc-base": {
      "version": "0.17.2",
      "resolved": "https://registry.npmjs.org/@material/mwc-base/-/mwc-base-0.17.2.tgz",
      "integrity": "sha512-SJ4GLhikChTp7HwyAqccIk1usxwLporj5EWCNx+1h2ECWIY5BdIySFkmq9uqrVLEDTwW0wPB+0ZD+E3ScJdvZw==",
      "requires": {
        "@material/base": "=8.0.0-canary.a78ceb112.0",
        "@material/dom": "=8.0.0-canary.a78ceb112.0",
        "lit-element": "^2.3.0",
        "tslib": "^1.10.0"
      }
    },
    "@material/mwc-button": {
      "version": "0.17.2",
      "resolved": "https://registry.npmjs.org/@material/mwc-button/-/mwc-button-0.17.2.tgz",
      "integrity": "sha512-2fNVfF2tL1yywufCY4qLgqBR5lS2QFUIu9AqOmImN0MNmFk3jhXAiVSdWbuMKruiGI0HW4DAzM/w+uiAVu83KA==",
      "requires": {
        "@material/mwc-icon": "^0.17.2",
        "@material/mwc-ripple": "^0.17.2",
        "lit-element": "^2.3.0",
        "lit-html": "^1.1.2",
        "tslib": "^1.10.0"
      }
    },
    "@material/mwc-checkbox": {
      "version": "0.17.2",
      "resolved": "https://registry.npmjs.org/@material/mwc-checkbox/-/mwc-checkbox-0.17.2.tgz",
      "integrity": "sha512-y+9VJ2dvcQloShRv/wYJDUjp6H0rWGu7MbhqvxlKeDOcCBz9a/3eGZQj7MnWwz2vkRPfIBwVRsJRO5HxIwZvuQ==",
      "requires": {
        "@material/mwc-base": "^0.17.2",
        "@material/mwc-ripple": "^0.17.2",
        "lit-element": "^2.3.0",
        "lit-html": "^1.1.2",
        "tslib": "^1.10.0"
      }
    },
    "@material/mwc-dialog": {
      "version": "0.17.2",
      "resolved": "https://registry.npmjs.org/@material/mwc-dialog/-/mwc-dialog-0.17.2.tgz",
      "integrity": "sha512-U9iLbDfpzkDAKtQKOSWACDqBCiYu6POymdIPmA4N9yRJGX1v2sNDulaGhDu/IqINz26TKT6FUMWmto18E70xrA==",
      "requires": {
        "@material/dialog": "=8.0.0-canary.a78ceb112.0",
        "@material/dom": "=8.0.0-canary.a78ceb112.0",
        "@material/mwc-base": "^0.17.2",
        "blocking-elements": "^0.1.0",
        "lit-element": "^2.3.0",
        "lit-html": "^1.1.2",
        "tslib": "^1.10.0",
        "wicg-inert": "^3.0.0"
      }
    },
    "@material/mwc-drawer": {
      "version": "0.17.2",
      "resolved": "https://registry.npmjs.org/@material/mwc-drawer/-/mwc-drawer-0.17.2.tgz",
      "integrity": "sha512-9FwIj8z+7D+wxL2IAYldzbX0jHFc5Q4ny+jwDFrG+q5h9hKK+VWelvLsFpoz7VwfhHRabvqUJoyTIVPbwXgqkQ==",
      "requires": {
        "@material/drawer": "=8.0.0-canary.a78ceb112.0",
        "@material/mwc-base": "^0.17.2",
        "blocking-elements": "^0.1.0",
        "lit-element": "^2.3.0",
        "lit-html": "^1.1.2",
        "tslib": "^1.10.0",
        "wicg-inert": "^3.0.0"
      }
    },
    "@material/mwc-fab": {
      "version": "0.17.2",
      "resolved": "https://registry.npmjs.org/@material/mwc-fab/-/mwc-fab-0.17.2.tgz",
      "integrity": "sha512-YmN+IlP4sca3dD5kHi79WDaha862QH1FzsgNLuOeL9tz3dE6cmuYZ7v7cok1LZVQOd0oVbGmJsTdfdJsFYMDXg==",
      "requires": {
        "@material/mwc-ripple": "^0.17.2",
        "lit-element": "^2.3.0",
        "lit-html": "^1.1.2",
        "tslib": "^1.10.0"
      }
    },
    "@material/mwc-floating-label": {
      "version": "0.17.2",
      "resolved": "https://registry.npmjs.org/@material/mwc-floating-label/-/mwc-floating-label-0.17.2.tgz",
      "integrity": "sha512-a0zm8YPVS9106H0TxfGlT55NvawIgGLcWS1Rxg76Z9QviwMa8PB2i7ZnGwxtcqHMyM3RrKA/KyQxFx3ojfbEuw==",
      "requires": {
        "@material/floating-label": "=8.0.0-canary.a78ceb112.0",
        "lit-html": "^1.1.2",
        "tslib": "^1.10.0"
      }
    },
    "@material/mwc-formfield": {
      "version": "0.17.2",
      "resolved": "https://registry.npmjs.org/@material/mwc-formfield/-/mwc-formfield-0.17.2.tgz",
      "integrity": "sha512-3VN0Nzh7IwlknCHcOedLTLIROvkHnjQ6M38kHL9MOZm8DnCTduJ4eYY4sQyoZxtnkZR3E1e4sA8+bnpSj4ggPA==",
      "requires": {
        "@material/form-field": "=8.0.0-canary.a78ceb112.0",
        "@material/mwc-base": "^0.17.2",
        "lit-element": "^2.3.0",
        "lit-html": "^1.1.2",
        "tslib": "^1.10.0"
      }
    },
    "@material/mwc-icon": {
      "version": "0.17.2",
      "resolved": "https://registry.npmjs.org/@material/mwc-icon/-/mwc-icon-0.17.2.tgz",
      "integrity": "sha512-9EpoLbn82RD5Wsxv0J7o1hTyn+WLfC1tdaTBvDmkRJZhfFheXYKUWNQXWrra0I/BpmojOGvijStOH0rga513WA==",
      "requires": {
        "lit-element": "^2.3.0",
        "tslib": "^1.10.0"
      }
    },
    "@material/mwc-icon-button": {
      "version": "0.17.2",
      "resolved": "https://registry.npmjs.org/@material/mwc-icon-button/-/mwc-icon-button-0.17.2.tgz",
      "integrity": "sha512-kA0RaOmE35yaTCMlqZT7m6A/lJfcsgBKnutAQlhzHlwANTDbWApVi9CjvvN4568EXlBfvfCEL7oUdMDy219K0Q==",
      "requires": {
        "@material/mwc-ripple": "^0.17.2",
        "lit-element": "^2.3.0",
        "tslib": "^1.10.0"
      }
    },
    "@material/mwc-icon-button-toggle": {
      "version": "0.17.2",
      "resolved": "https://registry.npmjs.org/@material/mwc-icon-button-toggle/-/mwc-icon-button-toggle-0.17.2.tgz",
      "integrity": "sha512-Kz0lE29HO06WubyIZie1D/zTNeicpxKLFsyG65BACF1mUUOrmawJA+W3j9xsKmlVQllNjBlXLDBgpVYYdu1gUQ==",
      "requires": {
        "@material/icon-button": "=8.0.0-canary.a78ceb112.0",
        "@material/mwc-base": "^0.17.2",
        "@material/mwc-icon-button": "^0.17.2",
        "@material/mwc-ripple": "^0.17.2",
        "lit-element": "^2.3.0",
        "tslib": "^1.10.0"
      }
    },
    "@material/mwc-line-ripple": {
      "version": "0.17.2",
      "resolved": "https://registry.npmjs.org/@material/mwc-line-ripple/-/mwc-line-ripple-0.17.2.tgz",
      "integrity": "sha512-cNjfkcim6Y8lL7PpAyZBqFD34+6vGmR3+VqFyDp9zQTjVdTWIajPq5jk9QLHqg5dSWIDbHO7Zw39O3sxl4plqQ==",
      "requires": {
        "@material/line-ripple": "=8.0.0-canary.a78ceb112.0",
        "lit-html": "^1.1.2",
        "tslib": "^1.10.0"
      }
    },
    "@material/mwc-linear-progress": {
      "version": "0.17.2",
      "resolved": "https://registry.npmjs.org/@material/mwc-linear-progress/-/mwc-linear-progress-0.17.2.tgz",
      "integrity": "sha512-OmF5WQJqn+YCKKrIeEi2fvir7N8XI5FGa5FS2SyGTfOA/tbmBfVbR/RtTDDGcOVQzbQ8GsFJMwjXO9pU5Mh6Bw==",
      "requires": {
        "@material/linear-progress": "=8.0.0-canary.a78ceb112.0",
        "@material/mwc-base": "^0.17.2",
        "lit-element": "^2.3.0",
        "tslib": "^1.10.0"
      }
    },
    "@material/mwc-list": {
      "version": "0.17.2",
      "resolved": "https://registry.npmjs.org/@material/mwc-list/-/mwc-list-0.17.2.tgz",
      "integrity": "sha512-fKGJkfWntNUQxfRSM/G7Zsaq0SD8JsFi730BS7q8X3OlFhuOGGeMP7sY5FtBVX0hjAO1/khp9KKgmvZunUoXkg==",
      "requires": {
        "@material/base": "=8.0.0-canary.a78ceb112.0",
        "@material/list": "=8.0.0-canary.a78ceb112.0",
        "@material/mwc-base": "^0.17.2",
        "@material/mwc-checkbox": "^0.17.2",
        "@material/mwc-radio": "^0.17.2",
        "@material/mwc-ripple": "^0.17.2",
        "lit-element": "^2.3.0",
        "lit-html": "^1.1.2",
        "tslib": "^1.10.0"
      }
    },
    "@material/mwc-menu": {
      "version": "0.17.2",
      "resolved": "https://registry.npmjs.org/@material/mwc-menu/-/mwc-menu-0.17.2.tgz",
      "integrity": "sha512-WrQalgdp2NYr/ws5rX9ify8trKiqNUy7tAXlHYAg5qKRb3HpHV6gsmNCScOZ4e95xXJvEOaUp67YDZsma3/rzQ==",
      "requires": {
        "@material/menu": "=8.0.0-canary.a78ceb112.0",
        "@material/menu-surface": "=8.0.0-canary.a78ceb112.0",
        "@material/mwc-base": "^0.17.2",
        "@material/mwc-list": "^0.17.2",
        "lit-element": "^2.3.0",
        "lit-html": "^1.1.2",
        "tslib": "^1.10.0"
      }
    },
    "@material/mwc-notched-outline": {
      "version": "0.17.2",
      "resolved": "https://registry.npmjs.org/@material/mwc-notched-outline/-/mwc-notched-outline-0.17.2.tgz",
      "integrity": "sha512-n7vwuZVtXVtTnwQ4hDP7bPuntCrBhpbKEIKscCtl4JaelyViijDLS5swU0mpkvDn20dVwjayf1tRRquZMV1wnA==",
      "requires": {
        "@material/mwc-base": "^0.17.2",
        "@material/notched-outline": "=8.0.0-canary.a78ceb112.0",
        "lit-element": "^2.3.0",
        "tslib": "^1.10.0"
      }
    },
    "@material/mwc-radio": {
      "version": "0.17.2",
      "resolved": "https://registry.npmjs.org/@material/mwc-radio/-/mwc-radio-0.17.2.tgz",
      "integrity": "sha512-+aPdJBUWTfT4pQg7s7g4wDvTvNE9gdBywJICtgaRM5z8NjYoWnF3aZGwb49yz+TAbf6d3ZYwRWPnXYx4sfh/gg==",
      "requires": {
        "@material/mwc-base": "^0.17.2",
        "@material/mwc-ripple": "^0.17.2",
        "@material/radio": "=8.0.0-canary.a78ceb112.0",
        "lit-element": "^2.3.0",
        "tslib": "^1.10.0"
      }
    },
    "@material/mwc-ripple": {
      "version": "0.17.2",
      "resolved": "https://registry.npmjs.org/@material/mwc-ripple/-/mwc-ripple-0.17.2.tgz",
      "integrity": "sha512-rdx/mR9vxPS6ZnM7oWP4E5FGRQ3pgo7n/hGUPcGMxFfXaxaHs1evoIQscp9a6HcXVrLPXemKD6msObwMDKetQA==",
      "requires": {
        "@material/dom": "=8.0.0-canary.a78ceb112.0",
        "@material/mwc-base": "^0.17.2",
        "@material/ripple": "=8.0.0-canary.a78ceb112.0",
        "lit-element": "^2.3.0",
        "lit-html": "^1.1.2",
        "tslib": "^1.10.0"
      }
    },
    "@material/mwc-select": {
      "version": "0.17.2",
      "resolved": "https://registry.npmjs.org/@material/mwc-select/-/mwc-select-0.17.2.tgz",
      "integrity": "sha512-PwUrjcbvJ6DMkBAucNj8cN0lrzWxlrbcT5tf6F6sbGubclZojdHXtShY4X0cHZF4yZakX5InZp/ACHjKsv7lCA==",
      "requires": {
        "@material/dom": "=8.0.0-canary.a78ceb112.0",
        "@material/floating-label": "=8.0.0-canary.a78ceb112.0",
        "@material/line-ripple": "=8.0.0-canary.a78ceb112.0",
        "@material/mwc-base": "^0.17.2",
        "@material/mwc-floating-label": "^0.17.2",
        "@material/mwc-icon": "^0.17.2",
        "@material/mwc-line-ripple": "^0.17.2",
        "@material/mwc-list": "^0.17.2",
        "@material/mwc-menu": "^0.17.2",
        "@material/mwc-notched-outline": "^0.17.2",
        "@material/select": "=8.0.0-canary.a78ceb112.0",
        "lit-element": "^2.3.0",
        "lit-html": "^1.1.2",
        "tslib": "^1.10.0"
      }
    },
    "@material/mwc-slider": {
      "version": "0.17.2",
      "resolved": "https://registry.npmjs.org/@material/mwc-slider/-/mwc-slider-0.17.2.tgz",
      "integrity": "sha512-UPVfPXZ9+aNMNRWEn6OS4j0fL6oYWbYA2sIundyegaRRzU+vsBcx7vRIhsp9Pu4SvJaQeagLz3YEYSboJoWFGg==",
      "requires": {
        "@material/dom": "=8.0.0-canary.a78ceb112.0",
        "@material/mwc-base": "^0.17.2",
        "@material/slider": "=8.0.0-canary.a78ceb112.0",
        "lit-element": "^2.3.0",
        "lit-html": "^1.1.2",
        "tslib": "^1.10.0"
      }
    },
    "@material/mwc-snackbar": {
      "version": "0.17.2",
      "resolved": "https://registry.npmjs.org/@material/mwc-snackbar/-/mwc-snackbar-0.17.2.tgz",
      "integrity": "sha512-FCB2yZVydb6iNon4hvm80c2ajnpeMALPLPaaIGYZ+8qLM1IMo1IgkPVMDBaw27crnoJjU5BsTMxnaSo10R26Hg==",
      "requires": {
        "@material/mwc-base": "^0.17.2",
        "@material/snackbar": "=8.0.0-canary.a78ceb112.0",
        "lit-element": "^2.3.0",
        "lit-html": "^1.1.2",
        "tslib": "^1.10.0"
      }
    },
    "@material/mwc-switch": {
      "version": "0.17.2",
      "resolved": "https://registry.npmjs.org/@material/mwc-switch/-/mwc-switch-0.17.2.tgz",
      "integrity": "sha512-HgNYKKAKcVEOxVeIoHtvYd5Y7Pb3laHRSKX9cLgKivUgwjBx62QdU0q8KcqQAySklI+6MUXAMqofZj8eggkCzw==",
      "requires": {
        "@material/mwc-base": "^0.17.2",
        "@material/mwc-ripple": "^0.17.2",
        "@material/switch": "=8.0.0-canary.a78ceb112.0",
        "lit-element": "^2.3.0",
        "tslib": "^1.10.0"
      }
    },
    "@material/mwc-tab": {
      "version": "0.17.2",
      "resolved": "https://registry.npmjs.org/@material/mwc-tab/-/mwc-tab-0.17.2.tgz",
      "integrity": "sha512-M8+T4jXL/noG3MAoxXNuN/or2Ky3Zozxa9XsgK4vGHK3rN5tB1w0t2ZMjmVgp8qJ4JIqgnYtsiM0Z1P/MLV4lw==",
      "requires": {
        "@material/mwc-base": "^0.17.2",
        "@material/mwc-ripple": "^0.17.2",
        "@material/mwc-tab-indicator": "^0.17.2",
        "@material/tab": "=8.0.0-canary.a78ceb112.0",
        "lit-element": "^2.3.0",
        "lit-html": "^1.1.2",
        "tslib": "^1.10.0"
      }
    },
    "@material/mwc-tab-bar": {
      "version": "0.17.2",
      "resolved": "https://registry.npmjs.org/@material/mwc-tab-bar/-/mwc-tab-bar-0.17.2.tgz",
      "integrity": "sha512-QsHOmxj6FM7jKYM9Dt6u7jKQv8r13z7/ryocQAAqyd13+LwAc+ec2o0hE6lTFpqNPAdlIhosip5Y3GDHdoKT5w==",
      "requires": {
        "@material/mwc-base": "^0.17.2",
        "@material/mwc-tab": "^0.17.2",
        "@material/mwc-tab-scroller": "^0.17.2",
        "@material/tab": "=8.0.0-canary.a78ceb112.0",
        "@material/tab-bar": "=8.0.0-canary.a78ceb112.0",
        "lit-element": "^2.3.0",
        "tslib": "^1.10.0"
      }
    },
    "@material/mwc-tab-indicator": {
      "version": "0.17.2",
      "resolved": "https://registry.npmjs.org/@material/mwc-tab-indicator/-/mwc-tab-indicator-0.17.2.tgz",
      "integrity": "sha512-JaAyWLhU/FO1v0wX1LLk4nTph13kFla14tYzMNg1rK6DcHdU19FgpjO7T1D61AJXQUmOMJ5q1qX/8dWd7BLlXg==",
      "requires": {
        "@material/mwc-base": "^0.17.2",
        "@material/tab-indicator": "=8.0.0-canary.a78ceb112.0",
        "lit-element": "^2.3.0",
        "lit-html": "^1.1.2",
        "tslib": "^1.10.0"
      }
    },
    "@material/mwc-tab-scroller": {
      "version": "0.17.2",
      "resolved": "https://registry.npmjs.org/@material/mwc-tab-scroller/-/mwc-tab-scroller-0.17.2.tgz",
      "integrity": "sha512-T03XsOQH457yhqeoZojMb2cfBshnBYCW4KIF8h2XqZiL9d47/E1OQqpWT/r1BbSZ7ysVhpH0TiwHvIaPzNW4ZA==",
      "requires": {
        "@material/dom": "=8.0.0-canary.a78ceb112.0",
        "@material/mwc-base": "^0.17.2",
        "@material/tab-scroller": "=8.0.0-canary.a78ceb112.0",
        "lit-element": "^2.3.0",
        "tslib": "^1.10.0"
      }
    },
    "@material/mwc-textarea": {
      "version": "0.17.2",
      "resolved": "https://registry.npmjs.org/@material/mwc-textarea/-/mwc-textarea-0.17.2.tgz",
      "integrity": "sha512-XC0eBZsGV01IvPaetCK7iIyqbHvdOlpuMh5qIRHnQC/KI+gKih0pg7ojQt/TNJ4mrO/B3HTGGWpVqdENRN2hCA==",
      "requires": {
        "@material/mwc-base": "^0.17.2",
        "@material/mwc-textfield": "^0.17.2",
        "lit-element": "^2.3.0",
        "lit-html": "^1.1.2",
        "tslib": "^1.10.0"
      }
    },
    "@material/mwc-textfield": {
      "version": "0.17.2",
      "resolved": "https://registry.npmjs.org/@material/mwc-textfield/-/mwc-textfield-0.17.2.tgz",
      "integrity": "sha512-La3IYUqb9JsVsBwbIneL4ypbMdCfQ8YPBc4uId1F+j+FHZnkGhv/rIuHiys0fKUp2rv5LenHFTMDYuw+/O0gqw==",
      "requires": {
        "@material/floating-label": "=8.0.0-canary.a78ceb112.0",
        "@material/line-ripple": "=8.0.0-canary.a78ceb112.0",
        "@material/mwc-base": "^0.17.2",
        "@material/mwc-floating-label": "^0.17.2",
        "@material/mwc-line-ripple": "^0.17.2",
        "@material/mwc-notched-outline": "^0.17.2",
        "@material/textfield": "=8.0.0-canary.a78ceb112.0",
        "lit-element": "^2.3.0",
        "lit-html": "^1.1.2",
        "tslib": "^1.10.0"
      }
    },
    "@material/mwc-top-app-bar": {
      "version": "0.19.0-canary.14a172db.0",
      "resolved": "https://registry.npmjs.org/@material/mwc-top-app-bar/-/mwc-top-app-bar-0.19.0-canary.14a172db.0.tgz",
      "integrity": "sha512-JYTQSgzOhrFk4pmVRtcf3l55UBZ2DbLrmRQ+2vih+/i08SG+BKaLjpTanEJSg4UWeZeyRbrU2OsjIR8ewHxeIg==",
      "requires": {
        "@material/mwc-base": "0.19.0-canary.14a172db.0",
        "@material/top-app-bar": "=8.0.0-canary.238216fc4.0",
        "lit-element": "^2.3.0",
        "lit-html": "^1.1.2",
        "tslib": "^1.10.0"
      },
      "dependencies": {
        "@material/base": {
          "version": "8.0.0-canary.238216fc4.0",
          "resolved": "https://registry.npmjs.org/@material/base/-/base-8.0.0-canary.238216fc4.0.tgz",
          "integrity": "sha512-hk9HYoSCPwmkKndaNcgGJz/CqZJNYEYZPJbCW1YeHGVLSVRnMvnPC161jG8oBPdPsiUbKsXD0naIoSUR6d9VSA==",
          "requires": {
            "tslib": "^1.9.3"
          }
        },
        "@material/dom": {
          "version": "8.0.0-canary.238216fc4.0",
          "resolved": "https://registry.npmjs.org/@material/dom/-/dom-8.0.0-canary.238216fc4.0.tgz",
          "integrity": "sha512-nbxukOMMfpD+09kYmSAXd3goLh9wUmhVG9xNJqUq8Gzg2dtemxgaf/YnYG90nJHeOvNKeXVhP6TUi3J/TxlVEA==",
          "requires": {
            "@material/feature-targeting": "8.0.0-canary.238216fc4.0",
            "tslib": "^1.9.3"
          }
        },
        "@material/feature-targeting": {
          "version": "8.0.0-canary.238216fc4.0",
          "resolved": "https://registry.npmjs.org/@material/feature-targeting/-/feature-targeting-8.0.0-canary.238216fc4.0.tgz",
          "integrity": "sha512-rV+rV6/th4cjFXQKAH+T/eP1d4qwDy/I4Rp76VIieTH3hTycrO17xN7inSCMVS4Lvri1w8nOwFEa1t/fiE7qDQ=="
        },
        "@material/mwc-base": {
          "version": "0.19.0-canary.14a172db.0",
          "resolved": "https://registry.npmjs.org/@material/mwc-base/-/mwc-base-0.19.0-canary.14a172db.0.tgz",
          "integrity": "sha512-65Funt9RHgtXRYN1wnzik4vxU2conmwctkjomi1ehIwri1EagQYnH/Yur4vtvb9WQ/xcElaIkM9pcki4F9ia/Q==",
          "requires": {
            "@material/base": "=8.0.0-canary.238216fc4.0",
            "@material/dom": "=8.0.0-canary.238216fc4.0",
            "lit-element": "^2.3.0",
            "tslib": "^1.10.0"
          }
        }
      }
    },
    "@material/notched-outline": {
      "version": "8.0.0-canary.a78ceb112.0",
      "resolved": "https://registry.npmjs.org/@material/notched-outline/-/notched-outline-8.0.0-canary.a78ceb112.0.tgz",
      "integrity": "sha512-3z/ivz2Qi7bhxolE3yCYMxBeC+GFV4dtsXh4HBYd7ASI/8GPA4M8fFV/SdMMPHh0tvCkbLidGDOZI59G7rq3mw==",
      "requires": {
        "@material/base": "8.0.0-canary.a78ceb112.0",
        "@material/feature-targeting": "8.0.0-canary.a78ceb112.0",
        "@material/floating-label": "8.0.0-canary.a78ceb112.0",
        "@material/rtl": "8.0.0-canary.a78ceb112.0",
        "@material/shape": "8.0.0-canary.a78ceb112.0",
        "@material/theme": "8.0.0-canary.a78ceb112.0",
        "tslib": "^1.9.3"
      }
    },
    "@material/progress-indicator": {
      "version": "8.0.0-canary.a78ceb112.0",
      "resolved": "https://registry.npmjs.org/@material/progress-indicator/-/progress-indicator-8.0.0-canary.a78ceb112.0.tgz",
      "integrity": "sha512-r54SULT+K9TfvsMmBf4fkUFrblRmBssCEzqQD9DN/La3iidsWmhmId7wEuUukYtmFEQyIZUFo1Q9sqMlfyCCow==",
      "requires": {
        "tslib": "^1.9.3"
      }
    },
    "@material/radio": {
      "version": "8.0.0-canary.a78ceb112.0",
      "resolved": "https://registry.npmjs.org/@material/radio/-/radio-8.0.0-canary.a78ceb112.0.tgz",
      "integrity": "sha512-wjJ4MP9In0mhh+vafraFeuVa/M8HImwpFPzIkgH7TcSS4yIPK3KnTK5RHyWWEUA+Lk3DK02B8VRCqNPjRUhUBQ==",
      "requires": {
        "@material/animation": "8.0.0-canary.a78ceb112.0",
        "@material/base": "8.0.0-canary.a78ceb112.0",
        "@material/density": "8.0.0-canary.a78ceb112.0",
        "@material/dom": "8.0.0-canary.a78ceb112.0",
        "@material/feature-targeting": "8.0.0-canary.a78ceb112.0",
        "@material/ripple": "8.0.0-canary.a78ceb112.0",
        "@material/theme": "8.0.0-canary.a78ceb112.0",
        "@material/touch-target": "8.0.0-canary.a78ceb112.0",
        "tslib": "^1.9.3"
      }
    },
    "@material/ripple": {
      "version": "8.0.0-canary.a78ceb112.0",
      "resolved": "https://registry.npmjs.org/@material/ripple/-/ripple-8.0.0-canary.a78ceb112.0.tgz",
      "integrity": "sha512-0vftc/VRNBGNkVeaumc+ztN6cPUDUXL0+X1HQSuNGn4tS0slqQH6yi9+juZhteOGY9Ca+1D3agsB7H9eNzdM8Q==",
      "requires": {
        "@material/animation": "8.0.0-canary.a78ceb112.0",
        "@material/base": "8.0.0-canary.a78ceb112.0",
        "@material/dom": "8.0.0-canary.a78ceb112.0",
        "@material/feature-targeting": "8.0.0-canary.a78ceb112.0",
        "@material/theme": "8.0.0-canary.a78ceb112.0",
        "tslib": "^1.9.3"
      }
    },
    "@material/rtl": {
      "version": "8.0.0-canary.a78ceb112.0",
      "resolved": "https://registry.npmjs.org/@material/rtl/-/rtl-8.0.0-canary.a78ceb112.0.tgz",
      "integrity": "sha512-+R/yFoO1Olt9hY0nvWRbTIQ7/PG9r7iv35J2Ld3Gx6CNZM2utql16bOG+5Ec81C6gBdvlgBcrCdQ8NdgYiablA==",
      "requires": {
        "@material/theme": "8.0.0-canary.a78ceb112.0"
      }
    },
    "@material/select": {
      "version": "8.0.0-canary.a78ceb112.0",
      "resolved": "https://registry.npmjs.org/@material/select/-/select-8.0.0-canary.a78ceb112.0.tgz",
      "integrity": "sha512-0vyFZuHegdixB8zWOlvl/V/c2cWi0bGHBMnv3Wm25WfI4ijLOdsbMerGSmuRaVARFRfwFFrs6Aq+mWwVM27sIQ==",
      "requires": {
        "@material/animation": "8.0.0-canary.a78ceb112.0",
        "@material/base": "8.0.0-canary.a78ceb112.0",
        "@material/density": "8.0.0-canary.a78ceb112.0",
        "@material/dom": "8.0.0-canary.a78ceb112.0",
        "@material/feature-targeting": "8.0.0-canary.a78ceb112.0",
        "@material/floating-label": "8.0.0-canary.a78ceb112.0",
        "@material/line-ripple": "8.0.0-canary.a78ceb112.0",
        "@material/list": "8.0.0-canary.a78ceb112.0",
        "@material/menu": "8.0.0-canary.a78ceb112.0",
        "@material/menu-surface": "8.0.0-canary.a78ceb112.0",
        "@material/notched-outline": "8.0.0-canary.a78ceb112.0",
        "@material/ripple": "8.0.0-canary.a78ceb112.0",
        "@material/rtl": "8.0.0-canary.a78ceb112.0",
        "@material/shape": "8.0.0-canary.a78ceb112.0",
        "@material/theme": "8.0.0-canary.a78ceb112.0",
        "@material/typography": "8.0.0-canary.a78ceb112.0",
        "tslib": "^1.9.3"
      }
    },
    "@material/shape": {
      "version": "8.0.0-canary.a78ceb112.0",
      "resolved": "https://registry.npmjs.org/@material/shape/-/shape-8.0.0-canary.a78ceb112.0.tgz",
      "integrity": "sha512-82fYRqdoBoFyS9+zuqqd9YJrsw8XykLA2xEf/ybtRGifwbLlk8ACrGN9dEwX6ixl7gt+JsXKBR9piF4XvxVjaw==",
      "requires": {
        "@material/feature-targeting": "8.0.0-canary.a78ceb112.0",
        "@material/rtl": "8.0.0-canary.a78ceb112.0",
        "@material/theme": "8.0.0-canary.a78ceb112.0"
      }
    },
    "@material/slider": {
      "version": "8.0.0-canary.a78ceb112.0",
      "resolved": "https://registry.npmjs.org/@material/slider/-/slider-8.0.0-canary.a78ceb112.0.tgz",
      "integrity": "sha512-9cE3Cf4wEzxI0KOmAD6IP/OaUosjNq6XBr5API/fd+HooYSJtoQNY5iNLt09CQSOA84eg59+bXvXnmVkG71+bg==",
      "requires": {
        "@material/animation": "8.0.0-canary.a78ceb112.0",
        "@material/base": "8.0.0-canary.a78ceb112.0",
        "@material/dom": "8.0.0-canary.a78ceb112.0",
        "@material/feature-targeting": "8.0.0-canary.a78ceb112.0",
        "@material/rtl": "8.0.0-canary.a78ceb112.0",
        "@material/theme": "8.0.0-canary.a78ceb112.0",
        "@material/typography": "8.0.0-canary.a78ceb112.0",
        "tslib": "^1.9.3"
      }
    },
    "@material/snackbar": {
      "version": "8.0.0-canary.a78ceb112.0",
      "resolved": "https://registry.npmjs.org/@material/snackbar/-/snackbar-8.0.0-canary.a78ceb112.0.tgz",
      "integrity": "sha512-WPghNrSEn2zxBpsFhRIyhf/vMbKY1YuAtBK3SSnP857cAohEd+E9XXoE6LUGVPcbF0e8bpk/7lnhcB/8z5G3Dw==",
      "requires": {
        "@material/animation": "8.0.0-canary.a78ceb112.0",
        "@material/base": "8.0.0-canary.a78ceb112.0",
        "@material/button": "8.0.0-canary.a78ceb112.0",
        "@material/dom": "8.0.0-canary.a78ceb112.0",
        "@material/elevation": "8.0.0-canary.a78ceb112.0",
        "@material/feature-targeting": "8.0.0-canary.a78ceb112.0",
        "@material/icon-button": "8.0.0-canary.a78ceb112.0",
        "@material/ripple": "8.0.0-canary.a78ceb112.0",
        "@material/rtl": "8.0.0-canary.a78ceb112.0",
        "@material/shape": "8.0.0-canary.a78ceb112.0",
        "@material/theme": "8.0.0-canary.a78ceb112.0",
        "@material/typography": "8.0.0-canary.a78ceb112.0",
        "tslib": "^1.9.3"
      }
    },
    "@material/switch": {
      "version": "8.0.0-canary.a78ceb112.0",
      "resolved": "https://registry.npmjs.org/@material/switch/-/switch-8.0.0-canary.a78ceb112.0.tgz",
      "integrity": "sha512-Bu2Q8bjUCry4CAGLaaPQ83ID4xHp7BZyC3tJCvSbdX5qb7NGDDquTSIQ5YlJub5yfKPOyzHvBzbhmzFMym0j0g==",
      "requires": {
        "@material/animation": "8.0.0-canary.a78ceb112.0",
        "@material/base": "8.0.0-canary.a78ceb112.0",
        "@material/density": "8.0.0-canary.a78ceb112.0",
        "@material/dom": "8.0.0-canary.a78ceb112.0",
        "@material/elevation": "8.0.0-canary.a78ceb112.0",
        "@material/feature-targeting": "8.0.0-canary.a78ceb112.0",
        "@material/ripple": "8.0.0-canary.a78ceb112.0",
        "@material/rtl": "8.0.0-canary.a78ceb112.0",
        "@material/theme": "8.0.0-canary.a78ceb112.0",
        "tslib": "^1.9.3"
      }
    },
    "@material/tab": {
      "version": "8.0.0-canary.a78ceb112.0",
      "resolved": "https://registry.npmjs.org/@material/tab/-/tab-8.0.0-canary.a78ceb112.0.tgz",
      "integrity": "sha512-lExmfj6Hw2Q9rSVTmjc+ruipoFZIgta9CAATRgxbuhCapXO7BUDkBihQbcxwTqH6qe4G80hRnUcsqm2PzsAEVA==",
      "requires": {
        "@material/base": "8.0.0-canary.a78ceb112.0",
        "@material/feature-targeting": "8.0.0-canary.a78ceb112.0",
        "@material/ripple": "8.0.0-canary.a78ceb112.0",
        "@material/rtl": "8.0.0-canary.a78ceb112.0",
        "@material/tab-indicator": "8.0.0-canary.a78ceb112.0",
        "@material/theme": "8.0.0-canary.a78ceb112.0",
        "@material/typography": "8.0.0-canary.a78ceb112.0",
        "tslib": "^1.9.3"
      }
    },
    "@material/tab-bar": {
      "version": "8.0.0-canary.a78ceb112.0",
      "resolved": "https://registry.npmjs.org/@material/tab-bar/-/tab-bar-8.0.0-canary.a78ceb112.0.tgz",
      "integrity": "sha512-OrrieVHPPdBPm7Nsc2rdjLWIH5S1+immZxDe3zmn8eX0kw+EZf1HucFUwPWYFVTj1bFQfAk+P5AOHbrpu0UeAA==",
      "requires": {
        "@material/animation": "8.0.0-canary.a78ceb112.0",
        "@material/base": "8.0.0-canary.a78ceb112.0",
        "@material/density": "8.0.0-canary.a78ceb112.0",
        "@material/feature-targeting": "8.0.0-canary.a78ceb112.0",
        "@material/tab": "8.0.0-canary.a78ceb112.0",
        "@material/tab-scroller": "8.0.0-canary.a78ceb112.0",
        "tslib": "^1.9.3"
      }
    },
    "@material/tab-indicator": {
      "version": "8.0.0-canary.a78ceb112.0",
      "resolved": "https://registry.npmjs.org/@material/tab-indicator/-/tab-indicator-8.0.0-canary.a78ceb112.0.tgz",
      "integrity": "sha512-LPh3RZwzbyoaCnCkRw2GvEdH1m3m49H+jzJaA56vP7XCrSqlFD0UvGHM622ObkFbJb3xV+SKtq+jcRzHcSlQQw==",
      "requires": {
        "@material/animation": "8.0.0-canary.a78ceb112.0",
        "@material/base": "8.0.0-canary.a78ceb112.0",
        "@material/feature-targeting": "8.0.0-canary.a78ceb112.0",
        "@material/theme": "8.0.0-canary.a78ceb112.0",
        "tslib": "^1.9.3"
      }
    },
    "@material/tab-scroller": {
      "version": "8.0.0-canary.a78ceb112.0",
      "resolved": "https://registry.npmjs.org/@material/tab-scroller/-/tab-scroller-8.0.0-canary.a78ceb112.0.tgz",
      "integrity": "sha512-of9L0foIN+jec1QRDnygTJ2vbK6MLGcJV1kPAFxBehObXo7MMisP8jZtxLCLaV5sdPpVvfIPdGdvvemYWUsysw==",
      "requires": {
        "@material/animation": "8.0.0-canary.a78ceb112.0",
        "@material/base": "8.0.0-canary.a78ceb112.0",
        "@material/dom": "8.0.0-canary.a78ceb112.0",
        "@material/feature-targeting": "8.0.0-canary.a78ceb112.0",
        "@material/tab": "8.0.0-canary.a78ceb112.0",
        "tslib": "^1.9.3"
      }
    },
    "@material/textfield": {
      "version": "8.0.0-canary.a78ceb112.0",
      "resolved": "https://registry.npmjs.org/@material/textfield/-/textfield-8.0.0-canary.a78ceb112.0.tgz",
      "integrity": "sha512-DS/WYAOAM1N905b8BOYAaxjzoVpHwJEat6gXRt3XX6cXCsZSfy1UOPd/CG6LUdlruuLRU+MLJ1r1gnu7JpjZtw==",
      "requires": {
        "@material/animation": "8.0.0-canary.a78ceb112.0",
        "@material/base": "8.0.0-canary.a78ceb112.0",
        "@material/density": "8.0.0-canary.a78ceb112.0",
        "@material/dom": "8.0.0-canary.a78ceb112.0",
        "@material/feature-targeting": "8.0.0-canary.a78ceb112.0",
        "@material/floating-label": "8.0.0-canary.a78ceb112.0",
        "@material/line-ripple": "8.0.0-canary.a78ceb112.0",
        "@material/notched-outline": "8.0.0-canary.a78ceb112.0",
        "@material/ripple": "8.0.0-canary.a78ceb112.0",
        "@material/rtl": "8.0.0-canary.a78ceb112.0",
        "@material/shape": "8.0.0-canary.a78ceb112.0",
        "@material/theme": "8.0.0-canary.a78ceb112.0",
        "@material/typography": "8.0.0-canary.a78ceb112.0",
        "tslib": "^1.9.3"
      }
    },
    "@material/theme": {
      "version": "8.0.0-canary.a78ceb112.0",
      "resolved": "https://registry.npmjs.org/@material/theme/-/theme-8.0.0-canary.a78ceb112.0.tgz",
      "integrity": "sha512-/hBvqcXYDuCG0nWEJ8uYsM/XxrCE4EHcel7N6WYwZDRHlPfKQis3qPEJCJicdHckVFdOUvGr9KO2h5BWUNA90Q==",
      "requires": {
        "@material/feature-targeting": "8.0.0-canary.a78ceb112.0"
      }
    },
    "@material/top-app-bar": {
      "version": "8.0.0-canary.238216fc4.0",
      "resolved": "https://registry.npmjs.org/@material/top-app-bar/-/top-app-bar-8.0.0-canary.238216fc4.0.tgz",
      "integrity": "sha512-qO1hZa1ZfoRYBCx2tW8654alLJfbjDnptZR/uBcemAC9CxwxXY24093GLFwR7Y9K5Sx7fq1Tpu7fmmjtiAI5NQ==",
      "requires": {
        "@material/animation": "8.0.0-canary.238216fc4.0",
        "@material/base": "8.0.0-canary.238216fc4.0",
        "@material/elevation": "8.0.0-canary.238216fc4.0",
        "@material/ripple": "8.0.0-canary.238216fc4.0",
        "@material/rtl": "8.0.0-canary.238216fc4.0",
        "@material/shape": "8.0.0-canary.238216fc4.0",
        "@material/theme": "8.0.0-canary.238216fc4.0",
        "@material/typography": "8.0.0-canary.238216fc4.0",
        "tslib": "^1.9.3"
      },
      "dependencies": {
        "@material/animation": {
          "version": "8.0.0-canary.238216fc4.0",
          "resolved": "https://registry.npmjs.org/@material/animation/-/animation-8.0.0-canary.238216fc4.0.tgz",
          "integrity": "sha512-2pZ9oWt9O38e2z+TyvKlh82APD3HtS5yvYw5ts+UgjssAybMCCQ4+nueXcS1cfRKHg5TR3grZKRfOHd0hu0aiA==",
          "requires": {
            "tslib": "^1.9.3"
          }
        },
        "@material/base": {
          "version": "8.0.0-canary.238216fc4.0",
          "resolved": "https://registry.npmjs.org/@material/base/-/base-8.0.0-canary.238216fc4.0.tgz",
          "integrity": "sha512-hk9HYoSCPwmkKndaNcgGJz/CqZJNYEYZPJbCW1YeHGVLSVRnMvnPC161jG8oBPdPsiUbKsXD0naIoSUR6d9VSA==",
          "requires": {
            "tslib": "^1.9.3"
          }
        },
        "@material/dom": {
          "version": "8.0.0-canary.238216fc4.0",
          "resolved": "https://registry.npmjs.org/@material/dom/-/dom-8.0.0-canary.238216fc4.0.tgz",
          "integrity": "sha512-nbxukOMMfpD+09kYmSAXd3goLh9wUmhVG9xNJqUq8Gzg2dtemxgaf/YnYG90nJHeOvNKeXVhP6TUi3J/TxlVEA==",
          "requires": {
            "@material/feature-targeting": "8.0.0-canary.238216fc4.0",
            "tslib": "^1.9.3"
          }
        },
        "@material/elevation": {
          "version": "8.0.0-canary.238216fc4.0",
          "resolved": "https://registry.npmjs.org/@material/elevation/-/elevation-8.0.0-canary.238216fc4.0.tgz",
          "integrity": "sha512-QDGgdiQOcx0Q9VsPB+WMd0uiBddvCmowhsdZwIIJn7DiKe/1A5hS/Pc9Hb+LTRsq8PHXc87nBr2gMTlmeoZWbw==",
          "requires": {
            "@material/animation": "8.0.0-canary.238216fc4.0",
            "@material/base": "8.0.0-canary.238216fc4.0",
            "@material/feature-targeting": "8.0.0-canary.238216fc4.0",
            "@material/theme": "8.0.0-canary.238216fc4.0"
          }
        },
        "@material/feature-targeting": {
          "version": "8.0.0-canary.238216fc4.0",
          "resolved": "https://registry.npmjs.org/@material/feature-targeting/-/feature-targeting-8.0.0-canary.238216fc4.0.tgz",
          "integrity": "sha512-rV+rV6/th4cjFXQKAH+T/eP1d4qwDy/I4Rp76VIieTH3hTycrO17xN7inSCMVS4Lvri1w8nOwFEa1t/fiE7qDQ=="
        },
        "@material/ripple": {
          "version": "8.0.0-canary.238216fc4.0",
          "resolved": "https://registry.npmjs.org/@material/ripple/-/ripple-8.0.0-canary.238216fc4.0.tgz",
          "integrity": "sha512-ePyQ52N0NGlAfhWFdyYIct9IjTwkmjoljQrVc7FGDmEQuE/UEVSoEGgGadjO3BjwTW/9Re1w69x73gu6hP8h7w==",
          "requires": {
            "@material/animation": "8.0.0-canary.238216fc4.0",
            "@material/base": "8.0.0-canary.238216fc4.0",
            "@material/dom": "8.0.0-canary.238216fc4.0",
            "@material/feature-targeting": "8.0.0-canary.238216fc4.0",
            "@material/theme": "8.0.0-canary.238216fc4.0",
            "tslib": "^1.9.3"
          }
        },
        "@material/rtl": {
          "version": "8.0.0-canary.238216fc4.0",
          "resolved": "https://registry.npmjs.org/@material/rtl/-/rtl-8.0.0-canary.238216fc4.0.tgz",
          "integrity": "sha512-rfLKK0vkFbEmCJezV9hxq3CiMAmOvsQNMmnRr+SpNiRVFVE22s7YtgbmCq7INKZHkvhrQ7e+Bu+D/onNtNrSrw==",
          "requires": {
            "@material/theme": "8.0.0-canary.238216fc4.0"
          }
        },
        "@material/shape": {
          "version": "8.0.0-canary.238216fc4.0",
          "resolved": "https://registry.npmjs.org/@material/shape/-/shape-8.0.0-canary.238216fc4.0.tgz",
          "integrity": "sha512-6hrxxDxl7U2V+90spnSwub2mEHpNcykVxPy5cAlvef89b4lf7iHdeywjyp2i0OvL6SRKcDpqfSJU2STuZeCp9w==",
          "requires": {
            "@material/feature-targeting": "8.0.0-canary.238216fc4.0",
            "@material/rtl": "8.0.0-canary.238216fc4.0",
            "@material/theme": "8.0.0-canary.238216fc4.0"
          }
        },
        "@material/theme": {
          "version": "8.0.0-canary.238216fc4.0",
          "resolved": "https://registry.npmjs.org/@material/theme/-/theme-8.0.0-canary.238216fc4.0.tgz",
          "integrity": "sha512-6MRdpSabAj4EvL/HFkOaLSI1Gv40/wEbaepqvbQdQhZNrFfWDXr30IZYr9RHaG/jq3a2duWsj6tz0lZpqgEfjg==",
          "requires": {
            "@material/feature-targeting": "8.0.0-canary.238216fc4.0"
          }
        },
        "@material/typography": {
          "version": "8.0.0-canary.238216fc4.0",
          "resolved": "https://registry.npmjs.org/@material/typography/-/typography-8.0.0-canary.238216fc4.0.tgz",
          "integrity": "sha512-LKQ8jpafmsMtUKRgsw+rfKvlE74XzEJqd/swcOGeRW1vuqQ4sG81iePhqzCVvxsQfr8yZokBqxAxwtxAh6zWRA==",
          "requires": {
            "@material/feature-targeting": "8.0.0-canary.238216fc4.0",
            "@material/theme": "8.0.0-canary.238216fc4.0"
          }
        }
      }
    },
    "@material/touch-target": {
      "version": "8.0.0-canary.a78ceb112.0",
      "resolved": "https://registry.npmjs.org/@material/touch-target/-/touch-target-8.0.0-canary.a78ceb112.0.tgz",
      "integrity": "sha512-ZnwbC6Cd5Z5Fep1GGQozL5GQXbSSwNehdIbyOs5nDJCFikJIX5DYlYHVFvwhzB/rexhTzGQPaKLjUPUhYXGpoA==",
      "requires": {
        "@material/base": "8.0.0-canary.a78ceb112.0",
        "@material/feature-targeting": "8.0.0-canary.a78ceb112.0"
      }
    },
    "@material/typography": {
      "version": "8.0.0-canary.a78ceb112.0",
      "resolved": "https://registry.npmjs.org/@material/typography/-/typography-8.0.0-canary.a78ceb112.0.tgz",
      "integrity": "sha512-8OaNJzeVeYAxwWUjHR1QSxc6n68gL+xBQ2MYncStyyoHnaAL184OCGbPob2+11wuAmkE3XRnl7WdmVt2TtPu4Q==",
      "requires": {
        "@material/feature-targeting": "8.0.0-canary.a78ceb112.0",
        "@material/theme": "8.0.0-canary.a78ceb112.0"
      }
    },
    "@webcomponents/webcomponentsjs": {
      "version": "2.4.4",
      "resolved": "https://registry.npmjs.org/@webcomponents/webcomponentsjs/-/webcomponentsjs-2.4.4.tgz",
      "integrity": "sha512-UWXZYbaDLLfhm+xONXTiDciyhOSwKRrZieGQHFMSMGSxY4mbjZ5uYzOKgnuX0luYFvjJw32G3r0sCwQZPJIR4Q=="
    },
    "blocking-elements": {
      "version": "0.1.1",
      "resolved": "https://registry.npmjs.org/blocking-elements/-/blocking-elements-0.1.1.tgz",
      "integrity": "sha512-/SLWbEzMoVIMZACCyhD/4Ya2M1PWP1qMKuiymowPcI+PdWDARqeARBjhj73kbUBCxEmTZCUu5TAqxtwUO9C1Ig=="
    },
    "lit-element": {
      "version": "2.4.0",
      "resolved": "https://registry.npmjs.org/lit-element/-/lit-element-2.4.0.tgz",
      "integrity": "sha512-pBGLglxyhq/Prk2H91nA0KByq/hx/wssJBQFiYqXhGDvEnY31PRGYf1RglVzyLeRysu0IHm2K0P196uLLWmwFg==",
      "requires": {
        "lit-html": "^1.1.1"
      }
    },
    "lit-element-router": {
      "version": "2.0.3",
      "resolved": "https://registry.npmjs.org/lit-element-router/-/lit-element-router-2.0.3.tgz",
      "integrity": "sha512-ASaFeB5E4hsd2LYH3keY3ImuaW1+Dc3BcjauTRZhVcYmEIYDkIs/ci7Vfv/SroHhbyQ5nF/nPFBcOFipYsGwXg=="
    },
    "lit-html": {
      "version": "1.3.0",
      "resolved": "https://registry.npmjs.org/lit-html/-/lit-html-1.3.0.tgz",
      "integrity": "sha512-0Q1bwmaFH9O14vycPHw8C/IeHMk/uSDldVLIefu/kfbTBGIc44KGH6A8p1bDfxUfHdc8q6Ct7kQklWoHgr4t1Q=="
    },
    "tslib": {
      "version": "1.13.0",
      "resolved": "https://registry.npmjs.org/tslib/-/tslib-1.13.0.tgz",
      "integrity": "sha512-i/6DQjL8Xf3be4K/E6Wgpekn5Qasl1usyw++dAA35Ue5orEn65VIxOA+YvNNl9HV3qv70T7CNwjODHZrLwvd1Q=="
    },
    "wicg-inert": {
      "version": "3.0.3",
      "resolved": "https://registry.npmjs.org/wicg-inert/-/wicg-inert-3.0.3.tgz",
      "integrity": "sha512-XwXf8K0NN4cpagjBlZ2/j/5Sjf6dW3HNbfywEy1y6Z8PJKvSHVGiuc5Id/9RZ6EmGq+GQCGTo7B2SK0Misbr6g=="
    }
  }
}
